
Microsoft Visual Studio Solution File, Format Version 12.00
# Visual Studio Version 17
VisualStudioVersion = 17.9.34622.214
MinimumVisualStudioVersion = 10.0.40219.1
Project("{FAE04EC0-301F-11D3-BF4B-00C04F79EFBC}") = "silkroad", "silkroad.csproj", "{28065C9F-F713-4396-91E2-4C17AAB4CE51}"
EndProject
Global
	GlobalSection(SolutionConfigurationPlatforms) = preSolution
		Debug|Any CPU = Debug|Any CPU
		Release|Any CPU = Release|Any CPU
	EndGlobalSection
	GlobalSection(ProjectConfigurationPlatforms) = postSolution
		{28065C9F-F713-4396-91E2-4C17AAB4CE51}.Debug|Any CPU.ActiveCfg = Debug|Any CPU
		{28065C9F-F713-4396-91E2-4C17AAB4CE51}.Debug|Any CPU.Build.0 = Debug|Any CPU
		{28065C9F-F713-4396-91E2-4C17AAB4CE51}.Release|Any CPU.ActiveCfg = Release|Any CPU
		{28065C9F-F713-4396-91E2-4C17AAB4CE51}.Release|Any CPU.Build.0 = Release|Any CPU
	EndGlobalSection
	GlobalSection(SolutionProperties) = preSolution
		HideSolutionNode = FALSE
	EndGlobalSection
	GlobalSection(ExtensibilityGlobals) = postSolution
		SolutionGuid = {197C25D6-6032-4B4B-83BE-2EFDB07C02E4}
	EndGlobalSection
EndGlobal
